
Microsoft Visual Studio Solution File, Format Version 12.00
# Visual Studio 15
VisualStudioVersion = 15.0.27130.2020
MinimumVisualStudioVersion = 10.0.40219.1
Project("{FAE04EC0-301F-11D3-BF4B-00C04F79EFBC}") = "AngularJs.Demo.Web", "AngularJs.Demo.Web\AngularJs.Demo.Web.csproj", "{4088BF82-40D7-43ED-AFF9-BF68B1A8BFAF}"
EndProject
Global
	GlobalSection(SolutionConfigurationPlatforms) = preSolution
		Debug|Any CPU = Debug|Any CPU
		Release|Any CPU = Release|Any CPU
	EndGlobalSection
	GlobalSection(ProjectConfigurationPlatforms) = postSolution
		{4088BF82-40D7-43ED-AFF9-BF68B1A8BFAF}.Debug|Any CPU.ActiveCfg = Debug|Any CPU
		{4088BF82-40D7-43ED-AFF9-BF68B1A8BFAF}.Debug|Any CPU.Build.0 = Debug|Any CPU
		{4088BF82-40D7-43ED-AFF9-BF68B1A8BFAF}.Release|Any CPU.ActiveCfg = Release|Any CPU
		{4088BF82-40D7-43ED-AFF9-BF68B1A8BFAF}.Release|Any CPU.Build.0 = Release|Any CPU
	EndGlobalSection
	GlobalSection(SolutionProperties) = preSolution
		HideSolutionNode = FALSE
	EndGlobalSection
	GlobalSection(ExtensibilityGlobals) = postSolution
		SolutionGuid = {FF833D46-CC5F-421F-AB33-AD1EE54A5279}
	EndGlobalSection
EndGlobal
